
Microsoft Visual Studio Solution File, Format Version 12.00
# Visual Studio Version 17
VisualStudioVersion = 17.7.34202.233
MinimumVisualStudioVersion = 10.0.40219.1
Project("{FAE04EC0-301F-11D3-BF4B-00C04F79EFBC}") = "SomeTest", "SomeTest\SomeTest.csproj", "{B4EBBB48-77B9-48E4-8ED3-C079000CFB34}"
EndProject
Global
	GlobalSection(SolutionConfigurationPlatforms) = preSolution
		Debug|Any CPU = Debug|Any CPU
		Release|Any CPU = Release|Any CPU
	EndGlobalSection
	GlobalSection(ProjectConfigurationPlatforms) = postSolution
		{B4EBBB48-77B9-48E4-8ED3-C079000CFB34}.Debug|Any CPU.ActiveCfg = Debug|Any CPU
		{B4EBBB48-77B9-48E4-8ED3-C079000CFB34}.Debug|Any CPU.Build.0 = Debug|Any CPU
		{B4EBBB48-77B9-48E4-8ED3-C079000CFB34}.Release|Any CPU.ActiveCfg = Release|Any CPU
		{B4EBBB48-77B9-48E4-8ED3-C079000CFB34}.Release|Any CPU.Build.0 = Release|Any CPU
	EndGlobalSection
	GlobalSection(SolutionProperties) = preSolution
		HideSolutionNode = FALSE
	EndGlobalSection
	GlobalSection(ExtensibilityGlobals) = postSolution
		SolutionGuid = {0DCE5BEC-DEA6-4523-B952-1AA275F53707}
	EndGlobalSection
EndGlobal
